
Microsoft Visual Studio Solution File, Format Version 12.00
# Visual Studio Version 16
VisualStudioVersion = 16.0.29609.76
MinimumVisualStudioVersion = 10.0.40219.1
Project("{FAE04EC0-301F-11D3-BF4B-00C04F79EFBC}") = "ClasaAngajat", "ClasaAngajat\ClasaAngajat.csproj", "{C15C632F-E677-41CA-8485-DF3BA48DA591}"
EndProject
Global
	GlobalSection(SolutionConfigurationPlatforms) = preSolution
		Debug|Any CPU = Debug|Any CPU
		Release|Any CPU = Release|Any CPU
	EndGlobalSection
	GlobalSection(ProjectConfigurationPlatforms) = postSolution
		{C15C632F-E677-41CA-8485-DF3BA48DA591}.Debug|Any CPU.ActiveCfg = Debug|Any CPU
		{C15C632F-E677-41CA-8485-DF3BA48DA591}.Debug|Any CPU.Build.0 = Debug|Any CPU
		{C15C632F-E677-41CA-8485-DF3BA48DA591}.Release|Any CPU.ActiveCfg = Release|Any CPU
		{C15C632F-E677-41CA-8485-DF3BA48DA591}.Release|Any CPU.Build.0 = Release|Any CPU
	EndGlobalSection
	GlobalSection(SolutionProperties) = preSolution
		HideSolutionNode = FALSE
	EndGlobalSection
	GlobalSection(ExtensibilityGlobals) = postSolution
		SolutionGuid = {B7ED5F02-37B1-4531-8C9E-06A70AC98ECA}
	EndGlobalSection
EndGlobal
